// !$*UTF8*$!
{
	archiveVersion = 1;
	classes = {
	};
	objectVersion = 55;
	objects = {

/* Begin PBXBuildFile section */
		BFF88AAB27A5763800EE9454 /* AppDelegate.swift in Sources */ = {isa = PBXBuildFile; fileRef = BFF88AAA27A5763800EE9454 /* AppDelegate.swift */; };
		BFF88AB427A5763A00EE9454 /* Assets.xcassets in Resources */ = {isa = PBXBuildFile; fileRef = BFF88AB327A5763A00EE9454 /* Assets.xcassets */; };
		BFF88AB727A5763A00EE9454 /* LaunchScreen.storyboard in Resources */ = {isa = PBXBuildFile; fileRef = BFF88AB527A5763A00EE9454 /* LaunchScreen.storyboard */; };
		BFF88ABF27A5782200EE9454 /* SceneDelegate.swift in Sources */ = {isa = PBXBuildFile; fileRef = BFF88ABE27A5782200EE9454 /* SceneDelegate.swift */; };
		BFF88AC527A5788500EE9454 /* HomeViewController.swift in Sources */ = {isa = PBXBuildFile; fileRef = BFF88AC427A5788500EE9454 /* HomeViewController.swift */; };
		BFF88AC727A5789500EE9454 /* HomeContentView.swift in Sources */ = {isa = PBXBuildFile; fileRef = BFF88AC627A5789500EE9454 /* HomeContentView.swift */; };
		BFF88ACA27A578E500EE9454 /* ViewCode.swift in Sources */ = {isa = PBXBuildFile; fileRef = BFF88AC927A578E500EE9454 /* ViewCode.swift */; };
		BFF88ACC27A57A9000EE9454 /* WeatherView.swift in Sources */ = {isa = PBXBuildFile; fileRef = BFF88ACB27A57A9000EE9454 /* WeatherView.swift */; };
		BFF88ACE27A57CB400EE9454 /* UIView+Autolayout.swift in Sources */ = {isa = PBXBuildFile; fileRef = BFF88ACD27A57CB400EE9454 /* UIView+Autolayout.swift */; };
		BFF88AD027A580B900EE9454 /* HomeModels.swift in Sources */ = {isa = PBXBuildFile; fileRef = BFF88ACF27A580B900EE9454 /* HomeModels.swift */; };
		BFF88AD427A5823C00EE9454 /* CustomLoadingView.swift in Sources */ = {isa = PBXBuildFile; fileRef = BFF88AD327A5823C00EE9454 /* CustomLoadingView.swift */; };
		BFF88AD627A5836B00EE9454 /* EmptyView.swift in Sources */ = {isa = PBXBuildFile; fileRef = BFF88AD527A5836B00EE9454 /* EmptyView.swift */; };
		BFF88AD827A583F500EE9454 /* ErrorView.swift in Sources */ = {isa = PBXBuildFile; fileRef = BFF88AD727A583F500EE9454 /* ErrorView.swift */; };
		BFF88ADA27A5862C00EE9454 /* UIImageExtensions.swift in Sources */ = {isa = PBXBuildFile; fileRef = BFF88AD927A5862C00EE9454 /* UIImageExtensions.swift */; };
		BFF88ADD27A588C500EE9454 /* DefaultRequestBuilder.swift in Sources */ = {isa = PBXBuildFile; fileRef = BFF88ADC27A588C500EE9454 /* DefaultRequestBuilder.swift */; };
		BFF88ADF27A588F200EE9454 /* DefaultResponseDecoder.swift in Sources */ = {isa = PBXBuildFile; fileRef = BFF88ADE27A588F200EE9454 /* DefaultResponseDecoder.swift */; };
		BFF88AE127A5891300EE9454 /* URLSessionHTTPClient.swift in Sources */ = {isa = PBXBuildFile; fileRef = BFF88AE027A5891300EE9454 /* URLSessionHTTPClient.swift */; };
		BFF88AE327A5893500EE9454 /* DefaultNetworkDispatcher.swift in Sources */ = {isa = PBXBuildFile; fileRef = BFF88AE227A5893500EE9454 /* DefaultNetworkDispatcher.swift */; };
		BFF88AE627A5897A00EE9454 /* NetworkRequest.swift in Sources */ = {isa = PBXBuildFile; fileRef = BFF88AE527A5897A00EE9454 /* NetworkRequest.swift */; };
		BFF88AE827A5899500EE9454 /* HTTPMethod.swift in Sources */ = {isa = PBXBuildFile; fileRef = BFF88AE727A5899500EE9454 /* HTTPMethod.swift */; };
		BFF88AEA27A589A200EE9454 /* BaseURL.swift in Sources */ = {isa = PBXBuildFile; fileRef = BFF88AE927A589A200EE9454 /* BaseURL.swift */; };
		BFF88AEC27A589B700EE9454 /* ServiceGroup.swift in Sources */ = {isa = PBXBuildFile; fileRef = BFF88AEB27A589B700EE9454 /* ServiceGroup.swift */; };
		BFF88AEE27A589C900EE9454 /* URLParameters.swift in Sources */ = {isa = PBXBuildFile; fileRef = BFF88AED27A589C900EE9454 /* URLParameters.swift */; };
		BFF88AF027A589D900EE9454 /* HTTPBody.swift in Sources */ = {isa = PBXBuildFile; fileRef = BFF88AEF27A589D900EE9454 /* HTTPBody.swift */; };
		BFF88AF227A589E700EE9454 /* NetworkConfiguration.swift in Sources */ = {isa = PBXBuildFile; fileRef = BFF88AF127A589E700EE9454 /* NetworkConfiguration.swift */; };
		BFF88AF427A589F500EE9454 /* HTTPRequest.swift in Sources */ = {isa = PBXBuildFile; fileRef = BFF88AF327A589F500EE9454 /* HTTPRequest.swift */; };
		BFF88AF627A58A0500EE9454 /* Status.swift in Sources */ = {isa = PBXBuildFile; fileRef = BFF88AF527A58A0500EE9454 /* Status.swift */; };
		BFF88AF827A58A1300EE9454 /* NetworkResponse.swift in Sources */ = {isa = PBXBuildFile; fileRef = BFF88AF727A58A1300EE9454 /* NetworkResponse.swift */; };
		BFF88AFA27A58A2200EE9454 /* NetworkError.swift in Sources */ = {isa = PBXBuildFile; fileRef = BFF88AF927A58A2200EE9454 /* NetworkError.swift */; };
		BFF88AFC27A58A3200EE9454 /* Constants.swift in Sources */ = {isa = PBXBuildFile; fileRef = BFF88AFB27A58A3200EE9454 /* Constants.swift */; };
		BFF88B0C27A5929100EE9454 /* DefaultURLProviderTests.swift in Sources */ = {isa = PBXBuildFile; fileRef = BFF88B0B27A5929000EE9454 /* DefaultURLProviderTests.swift */; };
		BFF88B0F27A592C000EE9454 /* XCTestCase+MemoryLeakTracking.swift in Sources */ = {isa = PBXBuildFile; fileRef = BFF88B0E27A592C000EE9454 /* XCTestCase+MemoryLeakTracking.swift */; };
		BFF88B1127A592E500EE9454 /* DefaultNetworkDispatcherTests.swift in Sources */ = {isa = PBXBuildFile; fileRef = BFF88B1027A592E500EE9454 /* DefaultNetworkDispatcherTests.swift */; };
		BFF88B1327A5933D00EE9454 /* JSONConvertible.swift in Sources */ = {isa = PBXBuildFile; fileRef = BFF88B1227A5933D00EE9454 /* JSONConvertible.swift */; };
		BFF88B1527A5938700EE9454 /* URLSessionHTTPClientTests.swift in Sources */ = {isa = PBXBuildFile; fileRef = BFF88B1427A5938600EE9454 /* URLSessionHTTPClientTests.swift */; };
		BFF88B1727A5940000EE9454 /* DefaultResponseDecoderTests.swift in Sources */ = {isa = PBXBuildFile; fileRef = BFF88B1627A5940000EE9454 /* DefaultResponseDecoderTests.swift */; };
		BFF88B1927A5943D00EE9454 /* DefaultRequestBuilderTests.swift in Sources */ = {isa = PBXBuildFile; fileRef = BFF88B1827A5943D00EE9454 /* DefaultRequestBuilderTests.swift */; };
/* End PBXBuildFile section */

/* Begin PBXContainerItemProxy section */
		BFF88B0527A591B300EE9454 /* PBXContainerItemProxy */ = {
			isa = PBXContainerItemProxy;
			containerPortal = BFF88A9F27A5763800EE9454 /* Project object */;
			proxyType = 1;
			remoteGlobalIDString = BFF88AA627A5763800EE9454;
			remoteInfo = WeatherApp;
		};
/* End PBXContainerItemProxy section */

/* Begin PBXFileReference section */
		BFF88AA727A5763800EE9454 /* WeatherApp.app */ = {isa = PBXFileReference; explicitFileType = wrapper.application; includeInIndex = 0; path = WeatherApp.app; sourceTree = BUILT_PRODUCTS_DIR; };
		BFF88AAA27A5763800EE9454 /* AppDelegate.swift */ = {isa = PBXFileReference; lastKnownFileType = sourcecode.swift; path = AppDelegate.swift; sourceTree = "<group>"; };
		BFF88AB327A5763A00EE9454 /* Assets.xcassets */ = {isa = PBXFileReference; lastKnownFileType = folder.assetcatalog; path = Assets.xcassets; sourceTree = "<group>"; };
		BFF88AB627A5763A00EE9454 /* Base */ = {isa = PBXFileReference; lastKnownFileType = file.storyboard; name = Base; path = Base.lproj/LaunchScreen.storyboard; sourceTree = "<group>"; };
		BFF88AB827A5763A00EE9454 /* Info.plist */ = {isa = PBXFileReference; lastKnownFileType = text.plist.xml; path = Info.plist; sourceTree = "<group>"; };
		BFF88ABE27A5782200EE9454 /* SceneDelegate.swift */ = {isa = PBXFileReference; fileEncoding = 4; lastKnownFileType = sourcecode.swift; path = SceneDelegate.swift; sourceTree = "<group>"; };
		BFF88AC427A5788500EE9454 /* HomeViewController.swift */ = {isa = PBXFileReference; lastKnownFileType = sourcecode.swift; path = HomeViewController.swift; sourceTree = "<group>"; };
		BFF88AC627A5789500EE9454 /* HomeContentView.swift */ = {isa = PBXFileReference; lastKnownFileType = sourcecode.swift; path = HomeContentView.swift; sourceTree = "<group>"; };
		BFF88AC927A578E500EE9454 /* ViewCode.swift */ = {isa = PBXFileReference; lastKnownFileType = sourcecode.swift; path = ViewCode.swift; sourceTree = "<group>"; };
		BFF88ACB27A57A9000EE9454 /* WeatherView.swift */ = {isa = PBXFileReference; lastKnownFileType = sourcecode.swift; path = WeatherView.swift; sourceTree = "<group>"; };
		BFF88ACD27A57CB400EE9454 /* UIView+Autolayout.swift */ = {isa = PBXFileReference; lastKnownFileType = sourcecode.swift; path = "UIView+Autolayout.swift"; sourceTree = "<group>"; };
		BFF88ACF27A580B900EE9454 /* HomeModels.swift */ = {isa = PBXFileReference; lastKnownFileType = sourcecode.swift; path = HomeModels.swift; sourceTree = "<group>"; };
		BFF88AD327A5823C00EE9454 /* CustomLoadingView.swift */ = {isa = PBXFileReference; lastKnownFileType = sourcecode.swift; path = CustomLoadingView.swift; sourceTree = "<group>"; };
		BFF88AD527A5836B00EE9454 /* EmptyView.swift */ = {isa = PBXFileReference; lastKnownFileType = sourcecode.swift; path = EmptyView.swift; sourceTree = "<group>"; };
		BFF88AD727A583F500EE9454 /* ErrorView.swift */ = {isa = PBXFileReference; lastKnownFileType = sourcecode.swift; path = ErrorView.swift; sourceTree = "<group>"; };
		BFF88AD927A5862C00EE9454 /* UIImageExtensions.swift */ = {isa = PBXFileReference; lastKnownFileType = sourcecode.swift; path = UIImageExtensions.swift; sourceTree = "<group>"; };
		BFF88ADC27A588C500EE9454 /* DefaultRequestBuilder.swift */ = {isa = PBXFileReference; lastKnownFileType = sourcecode.swift; path = DefaultRequestBuilder.swift; sourceTree = "<group>"; };
		BFF88ADE27A588F200EE9454 /* DefaultResponseDecoder.swift */ = {isa = PBXFileReference; lastKnownFileType = sourcecode.swift; path = DefaultResponseDecoder.swift; sourceTree = "<group>"; };
		BFF88AE027A5891300EE9454 /* URLSessionHTTPClient.swift */ = {isa = PBXFileReference; lastKnownFileType = sourcecode.swift; path = URLSessionHTTPClient.swift; sourceTree = "<group>"; };
		BFF88AE227A5893500EE9454 /* DefaultNetworkDispatcher.swift */ = {isa = PBXFileReference; lastKnownFileType = sourcecode.swift; path = DefaultNetworkDispatcher.swift; sourceTree = "<group>"; };
		BFF88AE527A5897A00EE9454 /* NetworkRequest.swift */ = {isa = PBXFileReference; lastKnownFileType = sourcecode.swift; path = NetworkRequest.swift; sourceTree = "<group>"; };
		BFF88AE727A5899500EE9454 /* HTTPMethod.swift */ = {isa = PBXFileReference; lastKnownFileType = sourcecode.swift; path = HTTPMethod.swift; sourceTree = "<group>"; };
		BFF88AE927A589A200EE9454 /* BaseURL.swift */ = {isa = PBXFileReference; lastKnownFileType = sourcecode.swift; path = BaseURL.swift; sourceTree = "<group>"; };
		BFF88AEB27A589B700EE9454 /* ServiceGroup.swift */ = {isa = PBXFileReference; lastKnownFileType = sourcecode.swift; path = ServiceGroup.swift; sourceTree = "<group>"; };
		BFF88AED27A589C900EE9454 /* URLParameters.swift */ = {isa = PBXFileReference; lastKnownFileType = sourcecode.swift; path = URLParameters.swift; sourceTree = "<group>"; };
		BFF88AEF27A589D900EE9454 /* HTTPBody.swift */ = {isa = PBXFileReference; lastKnownFileType = sourcecode.swift; path = HTTPBody.swift; sourceTree = "<group>"; };
		BFF88AF127A589E700EE9454 /* NetworkConfiguration.swift */ = {isa = PBXFileReference; lastKnownFileType = sourcecode.swift; path = NetworkConfiguration.swift; sourceTree = "<group>"; };
		BFF88AF327A589F500EE9454 /* HTTPRequest.swift */ = {isa = PBXFileReference; lastKnownFileType = sourcecode.swift; path = HTTPRequest.swift; sourceTree = "<group>"; };
		BFF88AF527A58A0500EE9454 /* Status.swift */ = {isa = PBXFileReference; lastKnownFileType = sourcecode.swift; path = Status.swift; sourceTree = "<group>"; };
		BFF88AF727A58A1300EE9454 /* NetworkResponse.swift */ = {isa = PBXFileReference; lastKnownFileType = sourcecode.swift; path = NetworkResponse.swift; sourceTree = "<group>"; };
		BFF88AF927A58A2200EE9454 /* NetworkError.swift */ = {isa = PBXFileReference; lastKnownFileType = sourcecode.swift; path = NetworkError.swift; sourceTree = "<group>"; };
		BFF88AFB27A58A3200EE9454 /* Constants.swift */ = {isa = PBXFileReference; lastKnownFileType = sourcecode.swift; path = Constants.swift; sourceTree = "<group>"; };
		BFF88B0127A591B300EE9454 /* WeatherAppTests.xctest */ = {isa = PBXFileReference; explicitFileType = wrapper.cfbundle; includeInIndex = 0; path = WeatherAppTests.xctest; sourceTree = BUILT_PRODUCTS_DIR; };
		BFF88B0B27A5929000EE9454 /* DefaultURLProviderTests.swift */ = {isa = PBXFileReference; lastKnownFileType = sourcecode.swift; path = DefaultURLProviderTests.swift; sourceTree = "<group>"; };
		BFF88B0E27A592C000EE9454 /* XCTestCase+MemoryLeakTracking.swift */ = {isa = PBXFileReference; lastKnownFileType = sourcecode.swift; path = "XCTestCase+MemoryLeakTracking.swift"; sourceTree = "<group>"; };
		BFF88B1027A592E500EE9454 /* DefaultNetworkDispatcherTests.swift */ = {isa = PBXFileReference; lastKnownFileType = sourcecode.swift; path = DefaultNetworkDispatcherTests.swift; sourceTree = "<group>"; };
		BFF88B1227A5933D00EE9454 /* JSONConvertible.swift */ = {isa = PBXFileReference; lastKnownFileType = sourcecode.swift; path = JSONConvertible.swift; sourceTree = "<group>"; };
		BFF88B1427A5938600EE9454 /* URLSessionHTTPClientTests.swift */ = {isa = PBXFileReference; lastKnownFileType = sourcecode.swift; path = URLSessionHTTPClientTests.swift; sourceTree = "<group>"; };
		BFF88B1627A5940000EE9454 /* DefaultResponseDecoderTests.swift */ = {isa = PBXFileReference; lastKnownFileType = sourcecode.swift; path = DefaultResponseDecoderTests.swift; sourceTree = "<group>"; };
		BFF88B1827A5943D00EE9454 /* DefaultRequestBuilderTests.swift */ = {isa = PBXFileReference; lastKnownFileType = sourcecode.swift; path = DefaultRequestBuilderTests.swift; sourceTree = "<group>"; };
/* End PBXFileReference section */

/* Begin PBXFrameworksBuildPhase section */
		BFF88AA427A5763800EE9454 /* Frameworks */ = {
			isa = PBXFrameworksBuildPhase;
			buildActionMask = 2147483647;
			files = (
			);
			runOnlyForDeploymentPostprocessing = 0;
		};
		BFF88AFE27A591B300EE9454 /* Frameworks */ = {
			isa = PBXFrameworksBuildPhase;
			buildActionMask = 2147483647;
			files = (
			);
			runOnlyForDeploymentPostprocessing = 0;
		};
/* End PBXFrameworksBuildPhase section */

/* Begin PBXGroup section */
		BFF88A9E27A5763800EE9454 = {
			isa = PBXGroup;
			children = (
				BFF88AA927A5763800EE9454 /* WeatherApp */,
				BFF88B0227A591B300EE9454 /* WeatherAppTests */,
				BFF88AA827A5763800EE9454 /* Products */,
			);
			sourceTree = "<group>";
		};
		BFF88AA827A5763800EE9454 /* Products */ = {
			isa = PBXGroup;
			children = (
				BFF88AA727A5763800EE9454 /* WeatherApp.app */,
				BFF88B0127A591B300EE9454 /* WeatherAppTests.xctest */,
			);
			name = Products;
			sourceTree = "<group>";
		};
		BFF88AA927A5763800EE9454 /* WeatherApp */ = {
			isa = PBXGroup;
			children = (
				BFF88AC027A5785500EE9454 /* Sources */,
				BFF88AAA27A5763800EE9454 /* AppDelegate.swift */,
				BFF88ABE27A5782200EE9454 /* SceneDelegate.swift */,
				BFF88AB327A5763A00EE9454 /* Assets.xcassets */,
				BFF88AB527A5763A00EE9454 /* LaunchScreen.storyboard */,
				BFF88AB827A5763A00EE9454 /* Info.plist */,
			);
			path = WeatherApp;
			sourceTree = "<group>";
		};
		BFF88AC027A5785500EE9454 /* Sources */ = {
			isa = PBXGroup;
			children = (
				BFF88ADB27A588AE00EE9454 /* Network */,
				BFF88AD127A5822300EE9454 /* UI */,
				BFF88AC827A578D500EE9454 /* Extensions */,
				BFF88AC127A5785F00EE9454 /* Scenes */,
			);
			path = Sources;
			sourceTree = "<group>";
		};
		BFF88AC127A5785F00EE9454 /* Scenes */ = {
			isa = PBXGroup;
			children = (
				BFF88AC227A5786900EE9454 /* Home */,
			);
			path = Scenes;
			sourceTree = "<group>";
		};
		BFF88AC227A5786900EE9454 /* Home */ = {
			isa = PBXGroup;
			children = (
				BFF88AC427A5788500EE9454 /* HomeViewController.swift */,
				BFF88AC327A5787600EE9454 /* Views */,
				BFF88ACF27A580B900EE9454 /* HomeModels.swift */,
			);
			path = Home;
			sourceTree = "<group>";
		};
		BFF88AC327A5787600EE9454 /* Views */ = {
			isa = PBXGroup;
			children = (
				BFF88AC627A5789500EE9454 /* HomeContentView.swift */,
				BFF88ACB27A57A9000EE9454 /* WeatherView.swift */,
			);
			path = Views;
			sourceTree = "<group>";
		};
		BFF88AC827A578D500EE9454 /* Extensions */ = {
			isa = PBXGroup;
			children = (
				BFF88AC927A578E500EE9454 /* ViewCode.swift */,
				BFF88ACD27A57CB400EE9454 /* UIView+Autolayout.swift */,
				BFF88AD927A5862C00EE9454 /* UIImageExtensions.swift */,
			);
			path = Extensions;
			sourceTree = "<group>";
		};
		BFF88AD127A5822300EE9454 /* UI */ = {
			isa = PBXGroup;
			children = (
				BFF88AD227A5823000EE9454 /* Views */,
			);
			path = UI;
			sourceTree = "<group>";
		};
		BFF88AD227A5823000EE9454 /* Views */ = {
			isa = PBXGroup;
			children = (
				BFF88AD327A5823C00EE9454 /* CustomLoadingView.swift */,
				BFF88AD527A5836B00EE9454 /* EmptyView.swift */,
				BFF88AD727A583F500EE9454 /* ErrorView.swift */,
			);
			path = Views;
			sourceTree = "<group>";
		};
		BFF88ADB27A588AE00EE9454 /* Network */ = {
			isa = PBXGroup;
			children = (
				BFF88AE427A5895100EE9454 /* Models */,
				BFF88ADC27A588C500EE9454 /* DefaultRequestBuilder.swift */,
				BFF88ADE27A588F200EE9454 /* DefaultResponseDecoder.swift */,
				BFF88AE027A5891300EE9454 /* URLSessionHTTPClient.swift */,
				BFF88AE227A5893500EE9454 /* DefaultNetworkDispatcher.swift */,
				BFF88B1227A5933D00EE9454 /* JSONConvertible.swift */,
			);
			path = Network;
			sourceTree = "<group>";
		};
		BFF88AE427A5895100EE9454 /* Models */ = {
			isa = PBXGroup;
			children = (
				BFF88AE527A5897A00EE9454 /* NetworkRequest.swift */,
				BFF88AE727A5899500EE9454 /* HTTPMethod.swift */,
				BFF88AE927A589A200EE9454 /* BaseURL.swift */,
				BFF88AEB27A589B700EE9454 /* ServiceGroup.swift */,
				BFF88AED27A589C900EE9454 /* URLParameters.swift */,
				BFF88AEF27A589D900EE9454 /* HTTPBody.swift */,
				BFF88AF127A589E700EE9454 /* NetworkConfiguration.swift */,
				BFF88AF327A589F500EE9454 /* HTTPRequest.swift */,
				BFF88AF527A58A0500EE9454 /* Status.swift */,
				BFF88AF727A58A1300EE9454 /* NetworkResponse.swift */,
				BFF88AF927A58A2200EE9454 /* NetworkError.swift */,
				BFF88AFB27A58A3200EE9454 /* Constants.swift */,
			);
			path = Models;
			sourceTree = "<group>";
		};
		BFF88B0227A591B300EE9454 /* WeatherAppTests */ = {
			isa = PBXGroup;
			children = (
				BFF88B0D27A592B300EE9454 /* Extensions */,
				BFF88B0A27A5927A00EE9454 /* Network */,
			);
			path = WeatherAppTests;
			sourceTree = "<group>";
		};
		BFF88B0A27A5927A00EE9454 /* Network */ = {
			isa = PBXGroup;
			children = (
				BFF88B0B27A5929000EE9454 /* DefaultURLProviderTests.swift */,
				BFF88B1027A592E500EE9454 /* DefaultNetworkDispatcherTests.swift */,
				BFF88B1427A5938600EE9454 /* URLSessionHTTPClientTests.swift */,
				BFF88B1627A5940000EE9454 /* DefaultResponseDecoderTests.swift */,
				BFF88B1827A5943D00EE9454 /* DefaultRequestBuilderTests.swift */,
			);
			path = Network;
			sourceTree = "<group>";
		};
		BFF88B0D27A592B300EE9454 /* Extensions */ = {
			isa = PBXGroup;
			children = (
				BFF88B0E27A592C000EE9454 /* XCTestCase+MemoryLeakTracking.swift */,
			);
			path = Extensions;
			sourceTree = "<group>";
		};
/* End PBXGroup section */

/* Begin PBXNativeTarget section */
		BFF88AA627A5763800EE9454 /* WeatherApp */ = {
			isa = PBXNativeTarget;
			buildConfigurationList = BFF88ABB27A5763A00EE9454 /* Build configuration list for PBXNativeTarget "WeatherApp" */;
			buildPhases = (
				BFF88AA327A5763800EE9454 /* Sources */,
				BFF88AA427A5763800EE9454 /* Frameworks */,
				BFF88AA527A5763800EE9454 /* Resources */,
			);
			buildRules = (
			);
			dependencies = (
			);
			name = WeatherApp;
			productName = WeatherApp;
			productReference = BFF88AA727A5763800EE9454 /* WeatherApp.app */;
			productType = "com.apple.product-type.application";
		};
		BFF88B0027A591B300EE9454 /* WeatherAppTests */ = {
			isa = PBXNativeTarget;
			buildConfigurationList = BFF88B0727A591B300EE9454 /* Build configuration list for PBXNativeTarget "WeatherAppTests" */;
			buildPhases = (
				BFF88AFD27A591B300EE9454 /* Sources */,
				BFF88AFE27A591B300EE9454 /* Frameworks */,
				BFF88AFF27A591B300EE9454 /* Resources */,
			);
			buildRules = (
			);
			dependencies = (
				BFF88B0627A591B300EE9454 /* PBXTargetDependency */,
			);
			name = WeatherAppTests;
			productName = WeatherAppTests;
			productReference = BFF88B0127A591B300EE9454 /* WeatherAppTests.xctest */;
			productType = "com.apple.product-type.bundle.unit-test";
		};
/* End PBXNativeTarget section */

/* Begin PBXProject section */
		BFF88A9F27A5763800EE9454 /* Project object */ = {
			isa = PBXProject;
			attributes = {
				BuildIndependentTargetsInParallel = 1;
				LastSwiftUpdateCheck = 1300;
				LastUpgradeCheck = 1300;
				TargetAttributes = {
					BFF88AA627A5763800EE9454 = {
						CreatedOnToolsVersion = 13.0;
					};
					BFF88B0027A591B300EE9454 = {
						CreatedOnToolsVersion = 13.0;
						TestTargetID = BFF88AA627A5763800EE9454;
					};
				};
			};
			buildConfigurationList = BFF88AA227A5763800EE9454 /* Build configuration list for PBXProject "WeatherApp" */;
			compatibilityVersion = "Xcode 13.0";
			developmentRegion = en;
			hasScannedForEncodings = 0;
			knownRegions = (
				en,
				Base,
			);
			mainGroup = BFF88A9E27A5763800EE9454;
			productRefGroup = BFF88AA827A5763800EE9454 /* Products */;
			projectDirPath = "";
			projectRoot = "";
			targets = (
				BFF88AA627A5763800EE9454 /* WeatherApp */,
				BFF88B0027A591B300EE9454 /* WeatherAppTests */,
			);
		};
/* End PBXProject section */

/* Begin PBXResourcesBuildPhase section */
		BFF88AA527A5763800EE9454 /* Resources */ = {
			isa = PBXResourcesBuildPhase;
			buildActionMask = 2147483647;
			files = (
				BFF88AB727A5763A00EE9454 /* LaunchScreen.storyboard in Resources */,
				BFF88AB427A5763A00EE9454 /* Assets.xcassets in Resources */,
			);
			runOnlyForDeploymentPostprocessing = 0;
		};
		BFF88AFF27A591B300EE9454 /* Resources */ = {
			isa = PBXResourcesBuildPhase;
			buildActionMask = 2147483647;
			files = (
			);
			runOnlyForDeploymentPostprocessing = 0;
		};
/* End PBXResourcesBuildPhase section */

/* Begin PBXSourcesBuildPhase section */
		BFF88AA327A5763800EE9454 /* Sources */ = {
			isa = PBXSourcesBuildPhase;
			buildActionMask = 2147483647;
			files = (
				BFF88ADD27A588C500EE9454 /* DefaultRequestBuilder.swift in Sources */,
				BFF88AF627A58A0500EE9454 /* Status.swift in Sources */,
				BFF88AEE27A589C900EE9454 /* URLParameters.swift in Sources */,
				BFF88AD027A580B900EE9454 /* HomeModels.swift in Sources */,
				BFF88AAB27A5763800EE9454 /* AppDelegate.swift in Sources */,
				BFF88ACE27A57CB400EE9454 /* UIView+Autolayout.swift in Sources */,
				BFF88AFA27A58A2200EE9454 /* NetworkError.swift in Sources */,
				BFF88ADA27A5862C00EE9454 /* UIImageExtensions.swift in Sources */,
				BFF88ABF27A5782200EE9454 /* SceneDelegate.swift in Sources */,
				BFF88AC727A5789500EE9454 /* HomeContentView.swift in Sources */,
				BFF88ACC27A57A9000EE9454 /* WeatherView.swift in Sources */,
				BFF88AFC27A58A3200EE9454 /* Constants.swift in Sources */,
				BFF88AF027A589D900EE9454 /* HTTPBody.swift in Sources */,
				BFF88AD627A5836B00EE9454 /* EmptyView.swift in Sources */,
				BFF88AC527A5788500EE9454 /* HomeViewController.swift in Sources */,
				BFF88AD427A5823C00EE9454 /* CustomLoadingView.swift in Sources */,
				BFF88AEA27A589A200EE9454 /* BaseURL.swift in Sources */,
				BFF88AE127A5891300EE9454 /* URLSessionHTTPClient.swift in Sources */,
				BFF88B1327A5933D00EE9454 /* JSONConvertible.swift in Sources */,
				BFF88ACA27A578E500EE9454 /* ViewCode.swift in Sources */,
				BFF88AF227A589E700EE9454 /* NetworkConfiguration.swift in Sources */,
				BFF88AD827A583F500EE9454 /* ErrorView.swift in Sources */,
				BFF88AE827A5899500EE9454 /* HTTPMethod.swift in Sources */,
				BFF88ADF27A588F200EE9454 /* DefaultResponseDecoder.swift in Sources */,
				BFF88AE327A5893500EE9454 /* DefaultNetworkDispatcher.swift in Sources */,
				BFF88AF427A589F500EE9454 /* HTTPRequest.swift in Sources */,
				BFF88AE627A5897A00EE9454 /* NetworkRequest.swift in Sources */,
				BFF88AEC27A589B700EE9454 /* ServiceGroup.swift in Sources */,
				BFF88AF827A58A1300EE9454 /* NetworkResponse.swift in Sources */,
			);
			runOnlyForDeploymentPostprocessing = 0;
		};
		BFF88AFD27A591B300EE9454 /* Sources */ = {
			isa = PBXSourcesBuildPhase;
			buildActionMask = 2147483647;
			files = (
				BFF88B1127A592E500EE9454 /* DefaultNetworkDispatcherTests.swift in Sources */,
				BFF88B0C27A5929100EE9454 /* DefaultURLProviderTests.swift in Sources */,
				BFF88B0F27A592C000EE9454 /* XCTestCase+MemoryLeakTracking.swift in Sources */,
				BFF88B1727A5940000EE9454 /* DefaultResponseDecoderTests.swift in Sources */,
				BFF88B1927A5943D00EE9454 /* DefaultRequestBuilderTests.swift in Sources */,
				BFF88B1527A5938700EE9454 /* URLSessionHTTPClientTests.swift in Sources */,
			);
			runOnlyForDeploymentPostprocessing = 0;
		};
/* End PBXSourcesBuildPhase section */

/* Begin PBXTargetDependency section */
		BFF88B0627A591B300EE9454 /* PBXTargetDependency */ = {
			isa = PBXTargetDependency;
			target = BFF88AA627A5763800EE9454 /* WeatherApp */;
			targetProxy = BFF88B0527A591B300EE9454 /* PBXContainerItemProxy */;
		};
/* End PBXTargetDependency section */

/* Begin PBXVariantGroup section */
		BFF88AB527A5763A00EE9454 /* LaunchScreen.storyboard */ = {
			isa = PBXVariantGroup;
			children = (
				BFF88AB627A5763A00EE9454 /* Base */,
			);
			name = LaunchScreen.storyboard;
			sourceTree = "<group>";
		};
/* End PBXVariantGroup section */

/* Begin XCBuildConfiguration section */
		BFF88AB927A5763A00EE9454 /* Debug */ = {
			isa = XCBuildConfiguration;
			buildSettings = {
				ALWAYS_SEARCH_USER_PATHS = NO;
				CLANG_ANALYZER_NONNULL = YES;
				CLANG_ANALYZER_NUMBER_OBJECT_CONVERSION = YES_AGGRESSIVE;
				CLANG_CXX_LANGUAGE_STANDARD = "gnu++17";
				CLANG_CXX_LIBRARY = "libc++";
				CLANG_ENABLE_MODULES = YES;
				CLANG_ENABLE_OBJC_ARC = YES;
				CLANG_ENABLE_OBJC_WEAK = YES;
				CLANG_WARN_BLOCK_CAPTURE_AUTORELEASING = YES;
				CLANG_WARN_BOOL_CONVERSION = YES;
				CLANG_WARN_COMMA = YES;
				CLANG_WARN_CONSTANT_CONVERSION = YES;
				CLANG_WARN_DEPRECATED_OBJC_IMPLEMENTATIONS = YES;
				CLANG_WARN_DIRECT_OBJC_ISA_USAGE = YES_ERROR;
				CLANG_WARN_DOCUMENTATION_COMMENTS = YES;
				CLANG_WARN_EMPTY_BODY = YES;
				CLANG_WARN_ENUM_CONVERSION = YES;
				CLANG_WARN_INFINITE_RECURSION = YES;
				CLANG_WARN_INT_CONVERSION = YES;
				CLANG_WARN_NON_LITERAL_NULL_CONVERSION = YES;
				CLANG_WARN_OBJC_IMPLICIT_RETAIN_SELF = YES;
				CLANG_WARN_OBJC_LITERAL_CONVERSION = YES;
				CLANG_WARN_OBJC_ROOT_CLASS = YES_ERROR;
				CLANG_WARN_QUOTED_INCLUDE_IN_FRAMEWORK_HEADER = YES;
				CLANG_WARN_RANGE_LOOP_ANALYSIS = YES;
				CLANG_WARN_STRICT_PROTOTYPES = YES;
				CLANG_WARN_SUSPICIOUS_MOVE = YES;
				CLANG_WARN_UNGUARDED_AVAILABILITY = YES_AGGRESSIVE;
				CLANG_WARN_UNREACHABLE_CODE = YES;
				CLANG_WARN__DUPLICATE_METHOD_MATCH = YES;
				COPY_PHASE_STRIP = NO;
				DEBUG_INFORMATION_FORMAT = dwarf;
				ENABLE_STRICT_OBJC_MSGSEND = YES;
				ENABLE_TESTABILITY = YES;
				GCC_C_LANGUAGE_STANDARD = gnu11;
				GCC_DYNAMIC_NO_PIC = NO;
				GCC_NO_COMMON_BLOCKS = YES;
				GCC_OPTIMIZATION_LEVEL = 0;
				GCC_PREPROCESSOR_DEFINITIONS = (
					"DEBUG=1",
					"$(inherited)",
				);
				GCC_WARN_64_TO_32_BIT_CONVERSION = YES;
				GCC_WARN_ABOUT_RETURN_TYPE = YES_ERROR;
				GCC_WARN_UNDECLARED_SELECTOR = YES;
				GCC_WARN_UNINITIALIZED_AUTOS = YES_AGGRESSIVE;
				GCC_WARN_UNUSED_FUNCTION = YES;
				GCC_WARN_UNUSED_VARIABLE = YES;
				IPHONEOS_DEPLOYMENT_TARGET = 15.0;
				MTL_ENABLE_DEBUG_INFO = INCLUDE_SOURCE;
				MTL_FAST_MATH = YES;
				ONLY_ACTIVE_ARCH = YES;
				SDKROOT = iphoneos;
				SWIFT_ACTIVE_COMPILATION_CONDITIONS = DEBUG;
				SWIFT_OPTIMIZATION_LEVEL = "-Onone";
			};
			name = Debug;
		};
		BFF88ABA27A5763A00EE9454 /* Release */ = {
			isa = XCBuildConfiguration;
			buildSettings = {
				ALWAYS_SEARCH_USER_PATHS = NO;
				CLANG_ANALYZER_NONNULL = YES;
				CLANG_ANALYZER_NUMBER_OBJECT_CONVERSION = YES_AGGRESSIVE;
				CLANG_CXX_LANGUAGE_STANDARD = "gnu++17";
				CLANG_CXX_LIBRARY = "libc++";
				CLANG_ENABLE_MODULES = YES;
				CLANG_ENABLE_OBJC_ARC = YES;
				CLANG_ENABLE_OBJC_WEAK = YES;
				CLANG_WARN_BLOCK_CAPTURE_AUTORELEASING = YES;
				CLANG_WARN_BOOL_CONVERSION = YES;
				CLANG_WARN_COMMA = YES;
				CLANG_WARN_CONSTANT_CONVERSION = YES;
				CLANG_WARN_DEPRECATED_OBJC_IMPLEMENTATIONS = YES;
				CLANG_WARN_DIRECT_OBJC_ISA_USAGE = YES_ERROR;
				CLANG_WARN_DOCUMENTATION_COMMENTS = YES;
				CLANG_WARN_EMPTY_BODY = YES;
				CLANG_WARN_ENUM_CONVERSION = YES;
				CLANG_WARN_INFINITE_RECURSION = YES;
				CLANG_WARN_INT_CONVERSION = YES;
				CLANG_WARN_NON_LITERAL_NULL_CONVERSION = YES;
				CLANG_WARN_OBJC_IMPLICIT_RETAIN_SELF = YES;
				CLANG_WARN_OBJC_LITERAL_CONVERSION = YES;
				CLANG_WARN_OBJC_ROOT_CLASS = YES_ERROR;
				CLANG_WARN_QUOTED_INCLUDE_IN_FRAMEWORK_HEADER = YES;
				CLANG_WARN_RANGE_LOOP_ANALYSIS = YES;
				CLANG_WARN_STRICT_PROTOTYPES = YES;
				CLANG_WARN_SUSPICIOUS_MOVE = YES;
				CLANG_WARN_UNGUARDED_AVAILABILITY = YES_AGGRESSIVE;
				CLANG_WARN_UNREACHABLE_CODE = YES;
				CLANG_WARN__DUPLICATE_METHOD_MATCH = YES;
				COPY_PHASE_STRIP = NO;
				DEBUG_INFORMATION_FORMAT = "dwarf-with-dsym";
				ENABLE_NS_ASSERTIONS = NO;
				ENABLE_STRICT_OBJC_MSGSEND = YES;
				GCC_C_LANGUAGE_STANDARD = gnu11;
				GCC_NO_COMMON_BLOCKS = YES;
				GCC_WARN_64_TO_32_BIT_CONVERSION = YES;
				GCC_WARN_ABOUT_RETURN_TYPE = YES_ERROR;
				GCC_WARN_UNDECLARED_SELECTOR = YES;
				GCC_WARN_UNINITIALIZED_AUTOS = YES_AGGRESSIVE;
				GCC_WARN_UNUSED_FUNCTION = YES;
				GCC_WARN_UNUSED_VARIABLE = YES;
				IPHONEOS_DEPLOYMENT_TARGET = 15.0;
				MTL_ENABLE_DEBUG_INFO = NO;
				MTL_FAST_MATH = YES;
				SDKROOT = iphoneos;
				SWIFT_COMPILATION_MODE = wholemodule;
				SWIFT_OPTIMIZATION_LEVEL = "-O";
				VALIDATE_PRODUCT = YES;
			};
			name = Release;
		};
		BFF88ABC27A5763A00EE9454 /* Debug */ = {
			isa = XCBuildConfiguration;
			buildSettings = {
				ASSETCATALOG_COMPILER_APPICON_NAME = AppIcon;
				ASSETCATALOG_COMPILER_GLOBAL_ACCENT_COLOR_NAME = AccentColor;
				CODE_SIGN_STYLE = Automatic;
				CURRENT_PROJECT_VERSION = 1;
				DEVELOPMENT_TEAM = ZR4HDJL2Y8;
				GENERATE_INFOPLIST_FILE = YES;
				INFOPLIST_FILE = WeatherApp/Info.plist;
				INFOPLIST_KEY_UIApplicationSupportsIndirectInputEvents = YES;
				INFOPLIST_KEY_UILaunchStoryboardName = LaunchScreen;
				INFOPLIST_KEY_UISupportedInterfaceOrientations_iPad = "UIInterfaceOrientationPortrait UIInterfaceOrientationPortraitUpsideDown UIInterfaceOrientationLandscapeLeft UIInterfaceOrientationLandscapeRight";
				INFOPLIST_KEY_UISupportedInterfaceOrientations_iPhone = "UIInterfaceOrientationPortrait UIInterfaceOrientationLandscapeLeft UIInterfaceOrientationLandscapeRight";
				LD_RUNPATH_SEARCH_PATHS = (
					"$(inherited)",
					"@executable_path/Frameworks",
				);
				MARKETING_VERSION = 1.0;
				PRODUCT_BUNDLE_IDENTIFIER = com.anacamargos.WeatherApp;
				PRODUCT_NAME = "$(TARGET_NAME)";
				SWIFT_EMIT_LOC_STRINGS = YES;
				SWIFT_VERSION = 5.0;
				TARGETED_DEVICE_FAMILY = "1,2";
			};
			name = Debug;
		};
		BFF88ABD27A5763A00EE9454 /* Release */ = {
			isa = XCBuildConfiguration;
			buildSettings = {
				ASSETCATALOG_COMPILER_APPICON_NAME = AppIcon;
				ASSETCATALOG_COMPILER_GLOBAL_ACCENT_COLOR_NAME = AccentColor;
				CODE_SIGN_STYLE = Automatic;
				CURRENT_PROJECT_VERSION = 1;
				DEVELOPMENT_TEAM = ZR4HDJL2Y8;
				GENERATE_INFOPLIST_FILE = YES;
				INFOPLIST_FILE = WeatherApp/Info.plist;
				INFOPLIST_KEY_UIApplicationSupportsIndirectInputEvents = YES;
				INFOPLIST_KEY_UILaunchStoryboardName = LaunchScreen;
				INFOPLIST_KEY_UISupportedInterfaceOrientations_iPad = "UIInterfaceOrientationPortrait UIInterfaceOrientationPortraitUpsideDown UIInterfaceOrientationLandscapeLeft UIInterfaceOrientationLandscapeRight";
				INFOPLIST_KEY_UISupportedInterfaceOrientations_iPhone = "UIInterfaceOrientationPortrait UIInterfaceOrientationLandscapeLeft UIInterfaceOrientationLandscapeRight";
				LD_RUNPATH_SEARCH_PATHS = (
					"$(inherited)",
					"@executable_path/Frameworks",
				);
				MARKETING_VERSION = 1.0;
				PRODUCT_BUNDLE_IDENTIFIER = com.anacamargos.WeatherApp;
				PRODUCT_NAME = "$(TARGET_NAME)";
				SWIFT_EMIT_LOC_STRINGS = YES;
				SWIFT_VERSION = 5.0;
				TARGETED_DEVICE_FAMILY = "1,2";
			};
			name = Release;
		};
		BFF88B0827A591B300EE9454 /* Debug */ = {
			isa = XCBuildConfiguration;
			buildSettings = {
				BUNDLE_LOADER = "$(TEST_HOST)";
				CODE_SIGN_STYLE = Automatic;
				CURRENT_PROJECT_VERSION = 1;
				DEVELOPMENT_TEAM = ZR4HDJL2Y8;
				GENERATE_INFOPLIST_FILE = YES;
				LD_RUNPATH_SEARCH_PATHS = (
					"$(inherited)",
					"@executable_path/Frameworks",
					"@loader_path/Frameworks",
				);
				MARKETING_VERSION = 1.0;
				PRODUCT_BUNDLE_IDENTIFIER = com.anacamargos.WeatherAppTests;
				PRODUCT_NAME = "$(TARGET_NAME)";
				SWIFT_EMIT_LOC_STRINGS = NO;
				SWIFT_VERSION = 5.0;
				TARGETED_DEVICE_FAMILY = "1,2";
				TEST_HOST = "$(BUILT_PRODUCTS_DIR)/WeatherApp.app/WeatherApp";
			};
			name = Debug;
		};
		BFF88B0927A591B300EE9454 /* Release */ = {
			isa = XCBuildConfiguration;
			buildSettings = {
				BUNDLE_LOADER = "$(TEST_HOST)";
				CODE_SIGN_STYLE = Automatic;
				CURRENT_PROJECT_VERSION = 1;
				DEVELOPMENT_TEAM = ZR4HDJL2Y8;
				GENERATE_INFOPLIST_FILE = YES;
				LD_RUNPATH_SEARCH_PATHS = (
					"$(inherited)",
					"@executable_path/Frameworks",
					"@loader_path/Frameworks",
				);
				MARKETING_VERSION = 1.0;
				PRODUCT_BUNDLE_IDENTIFIER = com.anacamargos.WeatherAppTests;
				PRODUCT_NAME = "$(TARGET_NAME)";
				SWIFT_EMIT_LOC_STRINGS = NO;
				SWIFT_VERSION = 5.0;
				TARGETED_DEVICE_FAMILY = "1,2";
				TEST_HOST = "$(BUILT_PRODUCTS_DIR)/WeatherApp.app/WeatherApp";
			};
			name = Release;
		};
/* End XCBuildConfiguration section */

/* Begin XCConfigurationList section */
		BFF88AA227A5763800EE9454 /* Build configuration list for PBXProject "WeatherApp" */ = {
			isa = XCConfigurationList;
			buildConfigurations = (
				BFF88AB927A5763A00EE9454 /* Debug */,
				BFF88ABA27A5763A00EE9454 /* Release */,
			);
			defaultConfigurationIsVisible = 0;
			defaultConfigurationName = Release;
		};
		BFF88ABB27A5763A00EE9454 /* Build configuration list for PBXNativeTarget "WeatherApp" */ = {
			isa = XCConfigurationList;
			buildConfigurations = (
				BFF88ABC27A5763A00EE9454 /* Debug */,
				BFF88ABD27A5763A00EE9454 /* Release */,
			);
			defaultConfigurationIsVisible = 0;
			defaultConfigurationName = Release;
		};
		BFF88B0727A591B300EE9454 /* Build configuration list for PBXNativeTarget "WeatherAppTests" */ = {
			isa = XCConfigurationList;
			buildConfigurations = (
				BFF88B0827A591B300EE9454 /* Debug */,
				BFF88B0927A591B300EE9454 /* Release */,
			);
			defaultConfigurationIsVisible = 0;
			defaultConfigurationName = Release;
		};
/* End XCConfigurationList section */
	};
	rootObject = BFF88A9F27A5763800EE9454 /* Project object */;
}
